
Microsoft Visual Studio Solution File, Format Version 12.00
# Visual Studio Version 16
VisualStudioVersion = 16.0.28721.148
MinimumVisualStudioVersion = 10.0.40219.1
Project("{8BC9CEB8-8B4A-11D0-8D11-00A0C91BC942}") = "Equazioni - Secondo Grado", "Equazioni - Secondo Grado\Equazioni - Secondo Grado.vcxproj", "{A3715F5D-2BAF-4E5D-8645-E62C9C47D1B7}"
EndProject
Global
	GlobalSection(SolutionConfigurationPlatforms) = preSolution
		Debug|x64 = Debug|x64
		Debug|x86 = Debug|x86
		Release|x64 = Release|x64
		Release|x86 = Release|x86
	EndGlobalSection
	GlobalSection(ProjectConfigurationPlatforms) = postSolution
		{A3715F5D-2BAF-4E5D-8645-E62C9C47D1B7}.Debug|x64.ActiveCfg = Debug|x64
		{A3715F5D-2BAF-4E5D-8645-E62C9C47D1B7}.Debug|x64.Build.0 = Debug|x64
		{A3715F5D-2BAF-4E5D-8645-E62C9C47D1B7}.Debug|x86.ActiveCfg = Debug|Win32
		{A3715F5D-2BAF-4E5D-8645-E62C9C47D1B7}.Debug|x86.Build.0 = Debug|Win32
		{A3715F5D-2BAF-4E5D-8645-E62C9C47D1B7}.Release|x64.ActiveCfg = Release|x64
		{A3715F5D-2BAF-4E5D-8645-E62C9C47D1B7}.Release|x64.Build.0 = Release|x64
		{A3715F5D-2BAF-4E5D-8645-E62C9C47D1B7}.Release|x86.ActiveCfg = Release|Win32
		{A3715F5D-2BAF-4E5D-8645-E62C9C47D1B7}.Release|x86.Build.0 = Release|Win32
	EndGlobalSection
	GlobalSection(SolutionProperties) = preSolution
		HideSolutionNode = FALSE
	EndGlobalSection
	GlobalSection(ExtensibilityGlobals) = postSolution
		SolutionGuid = {4DBA0FE3-57DB-4B52-AEE4-7F5E7C2551FB}
	EndGlobalSection
EndGlobal
